// !$*UTF8*$!
{
	archiveVersion = 1;
	classes = {
	};
	objectVersion = 48;
	objects = {

/* Begin PBXBuildFile section */
		350F2A9B20763E52009C63F2 /* AppDelegate.swift in Sources */ = {isa = PBXBuildFile; fileRef = 350F2A9A20763E52009C63F2 /* AppDelegate.swift */; };
		350F2AA020763E52009C63F2 /* Main.storyboard in Resources */ = {isa = PBXBuildFile; fileRef = 350F2A9E20763E52009C63F2 /* Main.storyboard */; };
		350F2AA220763E52009C63F2 /* Assets.xcassets in Resources */ = {isa = PBXBuildFile; fileRef = 350F2AA120763E52009C63F2 /* Assets.xcassets */; };
		350F2AA520763E52009C63F2 /* LaunchScreen.storyboard in Resources */ = {isa = PBXBuildFile; fileRef = 350F2AA320763E52009C63F2 /* LaunchScreen.storyboard */; };
		350F2AAD2076415C009C63F2 /* Data.swift in Sources */ = {isa = PBXBuildFile; fileRef = 350F2AAC2076415C009C63F2 /* Data.swift */; };
		350F2AAF207649A9009C63F2 /* CustomTableViewController.swift in Sources */ = {isa = PBXBuildFile; fileRef = 350F2AAE207649A9009C63F2 /* CustomTableViewController.swift */; };
		350F2AB120764CDF009C63F2 /* CustomTableViewCell.swift in Sources */ = {isa = PBXBuildFile; fileRef = 350F2AB020764CDF009C63F2 /* CustomTableViewCell.swift */; };
		350F2AB32076A20E009C63F2 /* CustomViewController.swift in Sources */ = {isa = PBXBuildFile; fileRef = 350F2AB22076A20E009C63F2 /* CustomViewController.swift */; };
/* End PBXBuildFile section */

/* Begin PBXFileReference section */
		350F2A9720763E52009C63F2 /* testTableView.app */ = {isa = PBXFileReference; explicitFileType = wrapper.application; includeInIndex = 0; path = testTableView.app; sourceTree = BUILT_PRODUCTS_DIR; };
		350F2A9A20763E52009C63F2 /* AppDelegate.swift */ = {isa = PBXFileReference; lastKnownFileType = sourcecode.swift; path = AppDelegate.swift; sourceTree = "<group>"; };
		350F2A9F20763E52009C63F2 /* Base */ = {isa = PBXFileReference; lastKnownFileType = file.storyboard; name = Base; path = Base.lproj/Main.storyboard; sourceTree = "<group>"; };
		350F2AA120763E52009C63F2 /* Assets.xcassets */ = {isa = PBXFileReference; lastKnownFileType = folder.assetcatalog; path = Assets.xcassets; sourceTree = "<group>"; };
		350F2AA420763E52009C63F2 /* Base */ = {isa = PBXFileReference; lastKnownFileType = file.storyboard; name = Base; path = Base.lproj/LaunchScreen.storyboard; sourceTree = "<group>"; };
		350F2AA620763E52009C63F2 /* Info.plist */ = {isa = PBXFileReference; lastKnownFileType = text.plist.xml; path = Info.plist; sourceTree = "<group>"; };
		350F2AAC2076415C009C63F2 /* Data.swift */ = {isa = PBXFileReference; lastKnownFileType = sourcecode.swift; path = Data.swift; sourceTree = "<group>"; };
		350F2AAE207649A9009C63F2 /* CustomTableViewController.swift */ = {isa = PBXFileReference; lastKnownFileType = sourcecode.swift; path = CustomTableViewController.swift; sourceTree = "<group>"; };
		350F2AB020764CDF009C63F2 /* CustomTableViewCell.swift */ = {isa = PBXFileReference; lastKnownFileType = sourcecode.swift; path = CustomTableViewCell.swift; sourceTree = "<group>"; };
		350F2AB22076A20E009C63F2 /* CustomViewController.swift */ = {isa = PBXFileReference; lastKnownFileType = sourcecode.swift; path = CustomViewController.swift; sourceTree = "<group>"; };
/* End PBXFileReference section */

/* Begin PBXFrameworksBuildPhase section */
		350F2A9420763E52009C63F2 /* Frameworks */ = {
			isa = PBXFrameworksBuildPhase;
			buildActionMask = 2147483647;
			files = (
			);
			runOnlyForDeploymentPostprocessing = 0;
		};
/* End PBXFrameworksBuildPhase section */

/* Begin PBXGroup section */
		350F2A8E20763E52009C63F2 = {
			isa = PBXGroup;
			children = (
				350F2A9920763E52009C63F2 /* testTableView */,
				350F2A9820763E52009C63F2 /* Products */,
			);
			sourceTree = "<group>";
		};
		350F2A9820763E52009C63F2 /* Products */ = {
			isa = PBXGroup;
			children = (
				350F2A9720763E52009C63F2 /* testTableView.app */,
			);
			name = Products;
			sourceTree = "<group>";
		};
		350F2A9920763E52009C63F2 /* testTableView */ = {
			isa = PBXGroup;
			children = (
				350F2A9A20763E52009C63F2 /* AppDelegate.swift */,
				350F2AAC2076415C009C63F2 /* Data.swift */,
				350F2AAE207649A9009C63F2 /* CustomTableViewController.swift */,
				350F2AB020764CDF009C63F2 /* CustomTableViewCell.swift */,
				350F2AB22076A20E009C63F2 /* CustomViewController.swift */,
				350F2A9E20763E52009C63F2 /* Main.storyboard */,
				350F2AA120763E52009C63F2 /* Assets.xcassets */,
				350F2AA320763E52009C63F2 /* LaunchScreen.storyboard */,
				350F2AA620763E52009C63F2 /* Info.plist */,
			);
			path = testTableView;
			sourceTree = "<group>";
		};
/* End PBXGroup section */

/* Begin PBXNativeTarget section */
		350F2A9620763E52009C63F2 /* testTableView */ = {
			isa = PBXNativeTarget;
			buildConfigurationList = 350F2AA920763E52009C63F2 /* Build configuration list for PBXNativeTarget "testTableView" */;
			buildPhases = (
				350F2A9320763E52009C63F2 /* Sources */,
				350F2A9420763E52009C63F2 /* Frameworks */,
				350F2A9520763E52009C63F2 /* Resources */,
			);
			buildRules = (
			);
			dependencies = (
			);
			name = testTableView;
			productName = testTableView;
			productReference = 350F2A9720763E52009C63F2 /* testTableView.app */;
			productType = "com.apple.product-type.application";
		};
/* End PBXNativeTarget section */

/* Begin PBXProject section */
		350F2A8F20763E52009C63F2 /* Project object */ = {
			isa = PBXProject;
			attributes = {
				LastSwiftUpdateCheck = 0910;
				LastUpgradeCheck = 0910;
				ORGANIZATIONNAME = "Romain Cardona";
				TargetAttributes = {
					350F2A9620763E52009C63F2 = {
						CreatedOnToolsVersion = 9.1;
						ProvisioningStyle = Automatic;
					};
				};
			};
			buildConfigurationList = 350F2A9220763E52009C63F2 /* Build configuration list for PBXProject "testTableView" */;
			compatibilityVersion = "Xcode 8.0";
			developmentRegion = en;
			hasScannedForEncodings = 0;
			knownRegions = (
				en,
				Base,
			);
			mainGroup = 350F2A8E20763E52009C63F2;
			productRefGroup = 350F2A9820763E52009C63F2 /* Products */;
			projectDirPath = "";
			projectRoot = "";
			targets = (
				350F2A9620763E52009C63F2 /* testTableView */,
			);
		};
/* End PBXProject section */

/* Begin PBXResourcesBuildPhase section */
		350F2A9520763E52009C63F2 /* Resources */ = {
			isa = PBXResourcesBuildPhase;
			buildActionMask = 2147483647;
			files = (
				350F2AA520763E52009C63F2 /* LaunchScreen.storyboard in Resources */,
				350F2AA220763E52009C63F2 /* Assets.xcassets in Resources */,
				350F2AA020763E52009C63F2 /* Main.storyboard in Resources */,
			);
			runOnlyForDeploymentPostprocessing = 0;
		};
/* End PBXResourcesBuildPhase section */

/* Begin PBXSourcesBuildPhase section */
		350F2A9320763E52009C63F2 /* Sources */ = {
			isa = PBXSourcesBuildPhase;
			buildActionMask = 2147483647;
			files = (
				350F2A9B20763E52009C63F2 /* AppDelegate.swift in Sources */,
				350F2AAF207649A9009C63F2 /* CustomTableViewController.swift in Sources */,
				350F2AB32076A20E009C63F2 /* CustomViewController.swift in Sources */,
				350F2AB120764CDF009C63F2 /* CustomTableViewCell.swift in Sources */,
				350F2AAD2076415C009C63F2 /* Data.swift in Sources */,
			);
			runOnlyForDeploymentPostprocessing = 0;
		};
/* End PBXSourcesBuildPhase section */

/* Begin PBXVariantGroup section */
		350F2A9E20763E52009C63F2 /* Main.storyboard */ = {
			isa = PBXVariantGroup;
			children = (
				350F2A9F20763E52009C63F2 /* Base */,
			);
			name = Main.storyboard;
			sourceTree = "<group>";
		};
		350F2AA320763E52009C63F2 /* LaunchScreen.storyboard */ = {
			isa = PBXVariantGroup;
			children = (
				350F2AA420763E52009C63F2 /* Base */,
			);
			name = LaunchScreen.storyboard;
			sourceTree = "<group>";
		};
/* End PBXVariantGroup section */

/* Begin XCBuildConfiguration section */
		350F2AA720763E52009C63F2 /* Debug */ = {
			isa = XCBuildConfiguration;
			buildSettings = {
				ALWAYS_SEARCH_USER_PATHS = NO;
				CLANG_ANALYZER_NONNULL = YES;
				CLANG_ANALYZER_NUMBER_OBJECT_CONVERSION = YES_AGGRESSIVE;
				CLANG_CXX_LANGUAGE_STANDARD = "gnu++14";
				CLANG_CXX_LIBRARY = "libc++";
				CLANG_ENABLE_MODULES = YES;
				CLANG_ENABLE_OBJC_ARC = YES;
				CLANG_WARN_BLOCK_CAPTURE_AUTORELEASING = YES;
				CLANG_WARN_BOOL_CONVERSION = YES;
				CLANG_WARN_COMMA = YES;
				CLANG_WARN_CONSTANT_CONVERSION = YES;
				CLANG_WARN_DIRECT_OBJC_ISA_USAGE = YES_ERROR;
				CLANG_WARN_DOCUMENTATION_COMMENTS = YES;
				CLANG_WARN_EMPTY_BODY = YES;
				CLANG_WARN_ENUM_CONVERSION = YES;
				CLANG_WARN_INFINITE_RECURSION = YES;
				CLANG_WARN_INT_CONVERSION = YES;
				CLANG_WARN_NON_LITERAL_NULL_CONVERSION = YES;
				CLANG_WARN_OBJC_LITERAL_CONVERSION = YES;
				CLANG_WARN_OBJC_ROOT_CLASS = YES_ERROR;
				CLANG_WARN_RANGE_LOOP_ANALYSIS = YES;
				CLANG_WARN_STRICT_PROTOTYPES = YES;
				CLANG_WARN_SUSPICIOUS_MOVE = YES;
				CLANG_WARN_UNGUARDED_AVAILABILITY = YES_AGGRESSIVE;
				CLANG_WARN_UNREACHABLE_CODE = YES;
				CLANG_WARN__DUPLICATE_METHOD_MATCH = YES;
				CODE_SIGN_IDENTITY = "iPhone Developer";
				COPY_PHASE_STRIP = NO;
				DEBUG_INFORMATION_FORMAT = dwarf;
				ENABLE_STRICT_OBJC_MSGSEND = YES;
				ENABLE_TESTABILITY = YES;
				GCC_C_LANGUAGE_STANDARD = gnu11;
				GCC_DYNAMIC_NO_PIC = NO;
				GCC_NO_COMMON_BLOCKS = YES;
				GCC_OPTIMIZATION_LEVEL = 0;
				GCC_PREPROCESSOR_DEFINITIONS = (
					"DEBUG=1",
					"$(inherited)",
				);
				GCC_WARN_64_TO_32_BIT_CONVERSION = YES;
				GCC_WARN_ABOUT_RETURN_TYPE = YES_ERROR;
				GCC_WARN_UNDECLARED_SELECTOR = YES;
				GCC_WARN_UNINITIALIZED_AUTOS = YES_AGGRESSIVE;
				GCC_WARN_UNUSED_FUNCTION = YES;
				GCC_WARN_UNUSED_VARIABLE = YES;
				IPHONEOS_DEPLOYMENT_TARGET = 11.1;
				MTL_ENABLE_DEBUG_INFO = YES;
				ONLY_ACTIVE_ARCH = YES;
				SDKROOT = iphoneos;
				SWIFT_ACTIVE_COMPILATION_CONDITIONS = DEBUG;
				SWIFT_OPTIMIZATION_LEVEL = "-Onone";
			};
			name = Debug;
		};
		350F2AA820763E52009C63F2 /* Release */ = {
			isa = XCBuildConfiguration;
			buildSettings = {
				ALWAYS_SEARCH_USER_PATHS = NO;
				CLANG_ANALYZER_NONNULL = YES;
				CLANG_ANALYZER_NUMBER_OBJECT_CONVERSION = YES_AGGRESSIVE;
				CLANG_CXX_LANGUAGE_STANDARD = "gnu++14";
				CLANG_CXX_LIBRARY = "libc++";
				CLANG_ENABLE_MODULES = YES;
				CLANG_ENABLE_OBJC_ARC = YES;
				CLANG_WARN_BLOCK_CAPTURE_AUTORELEASING = YES;
				CLANG_WARN_BOOL_CONVERSION = YES;
				CLANG_WARN_COMMA = YES;
				CLANG_WARN_CONSTANT_CONVERSION = YES;
				CLANG_WARN_DIRECT_OBJC_ISA_USAGE = YES_ERROR;
				CLANG_WARN_DOCUMENTATION_COMMENTS = YES;
				CLANG_WARN_EMPTY_BODY = YES;
				CLANG_WARN_ENUM_CONVERSION = YES;
				CLANG_WARN_INFINITE_RECURSION = YES;
				CLANG_WARN_INT_CONVERSION = YES;
				CLANG_WARN_NON_LITERAL_NULL_CONVERSION = YES;
				CLANG_WARN_OBJC_LITERAL_CONVERSION = YES;
				CLANG_WARN_OBJC_ROOT_CLASS = YES_ERROR;
				CLANG_WARN_RANGE_LOOP_ANALYSIS = YES;
				CLANG_WARN_STRICT_PROTOTYPES = YES;
				CLANG_WARN_SUSPICIOUS_MOVE = YES;
				CLANG_WARN_UNGUARDED_AVAILABILITY = YES_AGGRESSIVE;
				CLANG_WARN_UNREACHABLE_CODE = YES;
				CLANG_WARN__DUPLICATE_METHOD_MATCH = YES;
				CODE_SIGN_IDENTITY = "iPhone Developer";
				COPY_PHASE_STRIP = NO;
				DEBUG_INFORMATION_FORMAT = "dwarf-with-dsym";
				ENABLE_NS_ASSERTIONS = NO;
				ENABLE_STRICT_OBJC_MSGSEND = YES;
				GCC_C_LANGUAGE_STANDARD = gnu11;
				GCC_NO_COMMON_BLOCKS = YES;
				GCC_WARN_64_TO_32_BIT_CONVERSION = YES;
				GCC_WARN_ABOUT_RETURN_TYPE = YES_ERROR;
				GCC_WARN_UNDECLARED_SELECTOR = YES;
				GCC_WARN_UNINITIALIZED_AUTOS = YES_AGGRESSIVE;
				GCC_WARN_UNUSED_FUNCTION = YES;
				GCC_WARN_UNUSED_VARIABLE = YES;
				IPHONEOS_DEPLOYMENT_TARGET = 11.1;
				MTL_ENABLE_DEBUG_INFO = NO;
				SDKROOT = iphoneos;
				SWIFT_OPTIMIZATION_LEVEL = "-Owholemodule";
				VALIDATE_PRODUCT = YES;
			};
			name = Release;
		};
		350F2AAA20763E52009C63F2 /* Debug */ = {
			isa = XCBuildConfiguration;
			buildSettings = {
				ASSETCATALOG_COMPILER_APPICON_NAME = AppIcon;
				CODE_SIGN_STYLE = Automatic;
				DEVELOPMENT_TEAM = NSP74NXA2B;
				INFOPLIST_FILE = testTableView/Info.plist;
				LD_RUNPATH_SEARCH_PATHS = "$(inherited) @executable_path/Frameworks";
				PRODUCT_BUNDLE_IDENTIFIER = fr.cardonaromain.testTableView;
				PRODUCT_NAME = "$(TARGET_NAME)";
				SWIFT_VERSION = 4.0;
				TARGETED_DEVICE_FAMILY = "1,2";
			};
			name = Debug;
		};
		350F2AAB20763E52009C63F2 /* Release */ = {
			isa = XCBuildConfiguration;
			buildSettings = {
				ASSETCATALOG_COMPILER_APPICON_NAME = AppIcon;
				CODE_SIGN_STYLE = Automatic;
				DEVELOPMENT_TEAM = NSP74NXA2B;
				INFOPLIST_FILE = testTableView/Info.plist;
				LD_RUNPATH_SEARCH_PATHS = "$(inherited) @executable_path/Frameworks";
				PRODUCT_BUNDLE_IDENTIFIER = fr.cardonaromain.testTableView;
				PRODUCT_NAME = "$(TARGET_NAME)";
				SWIFT_VERSION = 4.0;
				TARGETED_DEVICE_FAMILY = "1,2";
			};
			name = Release;
		};
/* End XCBuildConfiguration section */

/* Begin XCConfigurationList section */
		350F2A9220763E52009C63F2 /* Build configuration list for PBXProject "testTableView" */ = {
			isa = XCConfigurationList;
			buildConfigurations = (
				350F2AA720763E52009C63F2 /* Debug */,
				350F2AA820763E52009C63F2 /* Release */,
			);
			defaultConfigurationIsVisible = 0;
			defaultConfigurationName = Release;
		};
		350F2AA920763E52009C63F2 /* Build configuration list for PBXNativeTarget "testTableView" */ = {
			isa = XCConfigurationList;
			buildConfigurations = (
				350F2AAA20763E52009C63F2 /* Debug */,
				350F2AAB20763E52009C63F2 /* Release */,
			);
			defaultConfigurationIsVisible = 0;
			defaultConfigurationName = Release;
		};
/* End XCConfigurationList section */
	};
	rootObject = 350F2A8F20763E52009C63F2 /* Project object */;
}
